{
  "name": "4.1.2_introduccionanpm",
  "version": "1.0.0",
  "lockfileVersion": 3,
  "requires": true,
  "packages": {
    "": {
      "name": "4.1.2_introduccionanpm",
      "version": "1.0.0",
      "license": "ISC",
      "dependencies": {
        "number2texto": "^0.0.9"
      }
    },
    "node_modules/number2texto": {
      "version": "0.0.9",
      "resolved": "https://registry.npmjs.org/number2texto/-/number2texto-0.0.9.tgz",
      "integrity": "sha512-JDptyYCPCt/tsfiLLUkwUYHzIfHAXeZ2tJ3HiPBZUfvPd4xjZmTGx12chvcHy9Qee5d0/9EOAnT8MRd4Kb+Yrg=="
    }
  }
}
